
Microsoft Visual Studio Solution File, Format Version 12.00
# Visual Studio 15
VisualStudioVersion = 15.0.27703.2042
MinimumVisualStudioVersion = 10.0.40219.1
Project("{FAE04EC0-301F-11D3-BF4B-00C04F79EFBC}") = "PrismAutofac", "PrismAutofac\PrismAutofac.csproj", "{C9CDB7FE-EE5A-4C3B-9161-CC0EDBB005C2}"
EndProject
Global
	GlobalSection(SolutionConfigurationPlatforms) = preSolution
		Debug|Any CPU = Debug|Any CPU
		Release|Any CPU = Release|Any CPU
	EndGlobalSection
	GlobalSection(ProjectConfigurationPlatforms) = postSolution
		{C9CDB7FE-EE5A-4C3B-9161-CC0EDBB005C2}.Debug|Any CPU.ActiveCfg = Debug|Any CPU
		{C9CDB7FE-EE5A-4C3B-9161-CC0EDBB005C2}.Debug|Any CPU.Build.0 = Debug|Any CPU
		{C9CDB7FE-EE5A-4C3B-9161-CC0EDBB005C2}.Release|Any CPU.ActiveCfg = Release|Any CPU
		{C9CDB7FE-EE5A-4C3B-9161-CC0EDBB005C2}.Release|Any CPU.Build.0 = Release|Any CPU
	EndGlobalSection
	GlobalSection(SolutionProperties) = preSolution
		HideSolutionNode = FALSE
	EndGlobalSection
	GlobalSection(ExtensibilityGlobals) = postSolution
		SolutionGuid = {EA0C2F98-D633-4B15-993C-CC7A6B15ECB9}
	EndGlobalSection
EndGlobal
